
Microsoft Visual Studio Solution File, Format Version 12.00
# Visual Studio Version 17
VisualStudioVersion = 17.5.002.0
MinimumVisualStudioVersion = 10.0.40219.1
Project("{9A19103F-16F7-4668-BE54-9A1E7A4F7556}") = "Open-Banking-Sandbox", "Open-Banking-Sandbox.csproj", "{014BEEE2-8162-47E1-99CB-754013D30C96}"
EndProject
Global
	GlobalSection(SolutionConfigurationPlatforms) = preSolution
		Debug|Any CPU = Debug|Any CPU
		Release|Any CPU = Release|Any CPU
	EndGlobalSection
	GlobalSection(ProjectConfigurationPlatforms) = postSolution
		{014BEEE2-8162-47E1-99CB-754013D30C96}.Debug|Any CPU.ActiveCfg = Debug|Any CPU
		{014BEEE2-8162-47E1-99CB-754013D30C96}.Debug|Any CPU.Build.0 = Debug|Any CPU
		{014BEEE2-8162-47E1-99CB-754013D30C96}.Release|Any CPU.ActiveCfg = Release|Any CPU
		{014BEEE2-8162-47E1-99CB-754013D30C96}.Release|Any CPU.Build.0 = Release|Any CPU
	EndGlobalSection
	GlobalSection(SolutionProperties) = preSolution
		HideSolutionNode = FALSE
	EndGlobalSection
	GlobalSection(ExtensibilityGlobals) = postSolution
		SolutionGuid = {5F151DFB-681E-456A-AB19-F1D15C8DC4DD}
	EndGlobalSection
EndGlobal
